{
  "name": "assets",
  "version": "1.0.0",
  "lockfileVersion": 3,
  "requires": true,
  "packages": {
    "": {
      "name": "assets",
      "version": "1.0.0",
      "license": "ISC",
      "dependencies": {
        "vanilla-website-utils": "^1.12.0"
      }
    },
    "node_modules/vanilla-website-utils": {
      "version": "1.12.0",
      "resolved": "https://registry.npmjs.org/vanilla-website-utils/-/vanilla-website-utils-1.12.0.tgz",
      "integrity": "sha512-EuLRAc/ipi44rjySOB1bOUUDnqQ6EXv/+wPcAv7F5obrM1zDJolgPq0K6YwPy92F33ykmwUmDHM5F39Vp4xzlQ=="
    }
  }
}
